// !$*UTF8*$!
{
	archiveVersion = 1;
	classes = {
	};
	objectVersion = 50;
	objects = {

/* Begin PBXBuildFile section */
		90E2323022806CDF00C69BE9 /* AppDelegate.swift in Sources */ = {isa = PBXBuildFile; fileRef = 90E2322F22806CDF00C69BE9 /* AppDelegate.swift */; };
		90E2323222806CDF00C69BE9 /* ViewController.swift in Sources */ = {isa = PBXBuildFile; fileRef = 90E2323122806CDF00C69BE9 /* ViewController.swift */; };
		90E2323522806CDF00C69BE9 /* Main.storyboard in Resources */ = {isa = PBXBuildFile; fileRef = 90E2323322806CDF00C69BE9 /* Main.storyboard */; };
		90E2323722806CE000C69BE9 /* Assets.xcassets in Resources */ = {isa = PBXBuildFile; fileRef = 90E2323622806CE000C69BE9 /* Assets.xcassets */; };
		90E2323A22806CE000C69BE9 /* LaunchScreen.storyboard in Resources */ = {isa = PBXBuildFile; fileRef = 90E2323822806CE000C69BE9 /* LaunchScreen.storyboard */; };
		90E2324522806CE000C69BE9 /* MyGame_3Tests.swift in Sources */ = {isa = PBXBuildFile; fileRef = 90E2324422806CE000C69BE9 /* MyGame_3Tests.swift */; };
		90E2325022806CE000C69BE9 /* MyGame_3UITests.swift in Sources */ = {isa = PBXBuildFile; fileRef = 90E2324F22806CE000C69BE9 /* MyGame_3UITests.swift */; };
		90E2325E22806D0F00C69BE9 /* Objective_1.swift in Sources */ = {isa = PBXBuildFile; fileRef = 90E2325D22806D0F00C69BE9 /* Objective_1.swift */; };
		90E2326022806D2900C69BE9 /* Objective_2.swift in Sources */ = {isa = PBXBuildFile; fileRef = 90E2325F22806D2900C69BE9 /* Objective_2.swift */; };
		90E938EC22958C0C002AD9BA /* TheFatRat - Unity.mp3 in Resources */ = {isa = PBXBuildFile; fileRef = 90E938EB22958C0C002AD9BA /* TheFatRat - Unity.mp3 */; };
/* End PBXBuildFile section */

/* Begin PBXContainerItemProxy section */
		90E2324122806CE000C69BE9 /* PBXContainerItemProxy */ = {
			isa = PBXContainerItemProxy;
			containerPortal = 90E2322422806CDF00C69BE9 /* Project object */;
			proxyType = 1;
			remoteGlobalIDString = 90E2322B22806CDF00C69BE9;
			remoteInfo = MyGame_3;
		};
		90E2324C22806CE000C69BE9 /* PBXContainerItemProxy */ = {
			isa = PBXContainerItemProxy;
			containerPortal = 90E2322422806CDF00C69BE9 /* Project object */;
			proxyType = 1;
			remoteGlobalIDString = 90E2322B22806CDF00C69BE9;
			remoteInfo = MyGame_3;
		};
/* End PBXContainerItemProxy section */

/* Begin PBXFileReference section */
		90E2322C22806CDF00C69BE9 /* MyGame_3.app */ = {isa = PBXFileReference; explicitFileType = wrapper.application; includeInIndex = 0; path = MyGame_3.app; sourceTree = BUILT_PRODUCTS_DIR; };
		90E2322F22806CDF00C69BE9 /* AppDelegate.swift */ = {isa = PBXFileReference; lastKnownFileType = sourcecode.swift; path = AppDelegate.swift; sourceTree = "<group>"; };
		90E2323122806CDF00C69BE9 /* ViewController.swift */ = {isa = PBXFileReference; lastKnownFileType = sourcecode.swift; path = ViewController.swift; sourceTree = "<group>"; };
		90E2323422806CDF00C69BE9 /* Base */ = {isa = PBXFileReference; lastKnownFileType = file.storyboard; name = Base; path = Base.lproj/Main.storyboard; sourceTree = "<group>"; };
		90E2323622806CE000C69BE9 /* Assets.xcassets */ = {isa = PBXFileReference; lastKnownFileType = folder.assetcatalog; path = Assets.xcassets; sourceTree = "<group>"; };
		90E2323922806CE000C69BE9 /* Base */ = {isa = PBXFileReference; lastKnownFileType = file.storyboard; name = Base; path = Base.lproj/LaunchScreen.storyboard; sourceTree = "<group>"; };
		90E2323B22806CE000C69BE9 /* Info.plist */ = {isa = PBXFileReference; lastKnownFileType = text.plist.xml; path = Info.plist; sourceTree = "<group>"; };
		90E2324022806CE000C69BE9 /* MyGame_3Tests.xctest */ = {isa = PBXFileReference; explicitFileType = wrapper.cfbundle; includeInIndex = 0; path = MyGame_3Tests.xctest; sourceTree = BUILT_PRODUCTS_DIR; };
		90E2324422806CE000C69BE9 /* MyGame_3Tests.swift */ = {isa = PBXFileReference; lastKnownFileType = sourcecode.swift; path = MyGame_3Tests.swift; sourceTree = "<group>"; };
		90E2324622806CE000C69BE9 /* Info.plist */ = {isa = PBXFileReference; lastKnownFileType = text.plist.xml; path = Info.plist; sourceTree = "<group>"; };
		90E2324B22806CE000C69BE9 /* MyGame_3UITests.xctest */ = {isa = PBXFileReference; explicitFileType = wrapper.cfbundle; includeInIndex = 0; path = MyGame_3UITests.xctest; sourceTree = BUILT_PRODUCTS_DIR; };
		90E2324F22806CE000C69BE9 /* MyGame_3UITests.swift */ = {isa = PBXFileReference; lastKnownFileType = sourcecode.swift; path = MyGame_3UITests.swift; sourceTree = "<group>"; };
		90E2325122806CE000C69BE9 /* Info.plist */ = {isa = PBXFileReference; lastKnownFileType = text.plist.xml; path = Info.plist; sourceTree = "<group>"; };
		90E2325D22806D0F00C69BE9 /* Objective_1.swift */ = {isa = PBXFileReference; lastKnownFileType = sourcecode.swift; path = Objective_1.swift; sourceTree = "<group>"; };
		90E2325F22806D2900C69BE9 /* Objective_2.swift */ = {isa = PBXFileReference; lastKnownFileType = sourcecode.swift; path = Objective_2.swift; sourceTree = "<group>"; };
		90E938EB22958C0C002AD9BA /* TheFatRat - Unity.mp3 */ = {isa = PBXFileReference; lastKnownFileType = audio.mp3; path = "TheFatRat - Unity.mp3"; sourceTree = "<group>"; };
/* End PBXFileReference section */

/* Begin PBXFrameworksBuildPhase section */
		90E2322922806CDF00C69BE9 /* Frameworks */ = {
			isa = PBXFrameworksBuildPhase;
			buildActionMask = 2147483647;
			files = (
			);
			runOnlyForDeploymentPostprocessing = 0;
		};
		90E2323D22806CE000C69BE9 /* Frameworks */ = {
			isa = PBXFrameworksBuildPhase;
			buildActionMask = 2147483647;
			files = (
			);
			runOnlyForDeploymentPostprocessing = 0;
		};
		90E2324822806CE000C69BE9 /* Frameworks */ = {
			isa = PBXFrameworksBuildPhase;
			buildActionMask = 2147483647;
			files = (
			);
			runOnlyForDeploymentPostprocessing = 0;
		};
/* End PBXFrameworksBuildPhase section */

/* Begin PBXGroup section */
		90E2322322806CDF00C69BE9 = {
			isa = PBXGroup;
			children = (
				90E2322E22806CDF00C69BE9 /* MyGame_3 */,
				90E2324322806CE000C69BE9 /* MyGame_3Tests */,
				90E2324E22806CE000C69BE9 /* MyGame_3UITests */,
				90E2322D22806CDF00C69BE9 /* Products */,
			);
			sourceTree = "<group>";
		};
		90E2322D22806CDF00C69BE9 /* Products */ = {
			isa = PBXGroup;
			children = (
				90E2322C22806CDF00C69BE9 /* MyGame_3.app */,
				90E2324022806CE000C69BE9 /* MyGame_3Tests.xctest */,
				90E2324B22806CE000C69BE9 /* MyGame_3UITests.xctest */,
			);
			name = Products;
			sourceTree = "<group>";
		};
		90E2322E22806CDF00C69BE9 /* MyGame_3 */ = {
			isa = PBXGroup;
			children = (
				90E2322F22806CDF00C69BE9 /* AppDelegate.swift */,
				90E2323122806CDF00C69BE9 /* ViewController.swift */,
				90E2325D22806D0F00C69BE9 /* Objective_1.swift */,
				90E2325F22806D2900C69BE9 /* Objective_2.swift */,
				90E938EB22958C0C002AD9BA /* TheFatRat - Unity.mp3 */,
				90E2323322806CDF00C69BE9 /* Main.storyboard */,
				90E2323622806CE000C69BE9 /* Assets.xcassets */,
				90E2323822806CE000C69BE9 /* LaunchScreen.storyboard */,
				90E2323B22806CE000C69BE9 /* Info.plist */,
			);
			path = MyGame_3;
			sourceTree = "<group>";
		};
		90E2324322806CE000C69BE9 /* MyGame_3Tests */ = {
			isa = PBXGroup;
			children = (
				90E2324422806CE000C69BE9 /* MyGame_3Tests.swift */,
				90E2324622806CE000C69BE9 /* Info.plist */,
			);
			path = MyGame_3Tests;
			sourceTree = "<group>";
		};
		90E2324E22806CE000C69BE9 /* MyGame_3UITests */ = {
			isa = PBXGroup;
			children = (
				90E2324F22806CE000C69BE9 /* MyGame_3UITests.swift */,
				90E2325122806CE000C69BE9 /* Info.plist */,
			);
			path = MyGame_3UITests;
			sourceTree = "<group>";
		};
/* End PBXGroup section */

/* Begin PBXNativeTarget section */
		90E2322B22806CDF00C69BE9 /* MyGame_3 */ = {
			isa = PBXNativeTarget;
			buildConfigurationList = 90E2325422806CE000C69BE9 /* Build configuration list for PBXNativeTarget "MyGame_3" */;
			buildPhases = (
				90E2322822806CDF00C69BE9 /* Sources */,
				90E2322922806CDF00C69BE9 /* Frameworks */,
				90E2322A22806CDF00C69BE9 /* Resources */,
			);
			buildRules = (
			);
			dependencies = (
			);
			name = MyGame_3;
			productName = MyGame_3;
			productReference = 90E2322C22806CDF00C69BE9 /* MyGame_3.app */;
			productType = "com.apple.product-type.application";
		};
		90E2323F22806CE000C69BE9 /* MyGame_3Tests */ = {
			isa = PBXNativeTarget;
			buildConfigurationList = 90E2325722806CE000C69BE9 /* Build configuration list for PBXNativeTarget "MyGame_3Tests" */;
			buildPhases = (
				90E2323C22806CE000C69BE9 /* Sources */,
				90E2323D22806CE000C69BE9 /* Frameworks */,
				90E2323E22806CE000C69BE9 /* Resources */,
			);
			buildRules = (
			);
			dependencies = (
				90E2324222806CE000C69BE9 /* PBXTargetDependency */,
			);
			name = MyGame_3Tests;
			productName = MyGame_3Tests;
			productReference = 90E2324022806CE000C69BE9 /* MyGame_3Tests.xctest */;
			productType = "com.apple.product-type.bundle.unit-test";
		};
		90E2324A22806CE000C69BE9 /* MyGame_3UITests */ = {
			isa = PBXNativeTarget;
			buildConfigurationList = 90E2325A22806CE000C69BE9 /* Build configuration list for PBXNativeTarget "MyGame_3UITests" */;
			buildPhases = (
				90E2324722806CE000C69BE9 /* Sources */,
				90E2324822806CE000C69BE9 /* Frameworks */,
				90E2324922806CE000C69BE9 /* Resources */,
			);
			buildRules = (
			);
			dependencies = (
				90E2324D22806CE000C69BE9 /* PBXTargetDependency */,
			);
			name = MyGame_3UITests;
			productName = MyGame_3UITests;
			productReference = 90E2324B22806CE000C69BE9 /* MyGame_3UITests.xctest */;
			productType = "com.apple.product-type.bundle.ui-testing";
		};
/* End PBXNativeTarget section */

/* Begin PBXProject section */
		90E2322422806CDF00C69BE9 /* Project object */ = {
			isa = PBXProject;
			attributes = {
				LastSwiftUpdateCheck = 1020;
				LastUpgradeCheck = 1020;
				ORGANIZATIONNAME = "Ju Hye Won";
				TargetAttributes = {
					90E2322B22806CDF00C69BE9 = {
						CreatedOnToolsVersion = 10.2.1;
					};
					90E2323F22806CE000C69BE9 = {
						CreatedOnToolsVersion = 10.2.1;
						TestTargetID = 90E2322B22806CDF00C69BE9;
					};
					90E2324A22806CE000C69BE9 = {
						CreatedOnToolsVersion = 10.2.1;
						TestTargetID = 90E2322B22806CDF00C69BE9;
					};
				};
			};
			buildConfigurationList = 90E2322722806CDF00C69BE9 /* Build configuration list for PBXProject "MyGame_3" */;
			compatibilityVersion = "Xcode 9.3";
			developmentRegion = en;
			hasScannedForEncodings = 0;
			knownRegions = (
				en,
				Base,
			);
			mainGroup = 90E2322322806CDF00C69BE9;
			productRefGroup = 90E2322D22806CDF00C69BE9 /* Products */;
			projectDirPath = "";
			projectRoot = "";
			targets = (
				90E2322B22806CDF00C69BE9 /* MyGame_3 */,
				90E2323F22806CE000C69BE9 /* MyGame_3Tests */,
				90E2324A22806CE000C69BE9 /* MyGame_3UITests */,
			);
		};
/* End PBXProject section */

/* Begin PBXResourcesBuildPhase section */
		90E2322A22806CDF00C69BE9 /* Resources */ = {
			isa = PBXResourcesBuildPhase;
			buildActionMask = 2147483647;
			files = (
				90E938EC22958C0C002AD9BA /* TheFatRat - Unity.mp3 in Resources */,
				90E2323A22806CE000C69BE9 /* LaunchScreen.storyboard in Resources */,
				90E2323722806CE000C69BE9 /* Assets.xcassets in Resources */,
				90E2323522806CDF00C69BE9 /* Main.storyboard in Resources */,
			);
			runOnlyForDeploymentPostprocessing = 0;
		};
		90E2323E22806CE000C69BE9 /* Resources */ = {
			isa = PBXResourcesBuildPhase;
			buildActionMask = 2147483647;
			files = (
			);
			runOnlyForDeploymentPostprocessing = 0;
		};
		90E2324922806CE000C69BE9 /* Resources */ = {
			isa = PBXResourcesBuildPhase;
			buildActionMask = 2147483647;
			files = (
			);
			runOnlyForDeploymentPostprocessing = 0;
		};
/* End PBXResourcesBuildPhase section */

/* Begin PBXSourcesBuildPhase section */
		90E2322822806CDF00C69BE9 /* Sources */ = {
			isa = PBXSourcesBuildPhase;
			buildActionMask = 2147483647;
			files = (
				90E2326022806D2900C69BE9 /* Objective_2.swift in Sources */,
				90E2323222806CDF00C69BE9 /* ViewController.swift in Sources */,
				90E2325E22806D0F00C69BE9 /* Objective_1.swift in Sources */,
				90E2323022806CDF00C69BE9 /* AppDelegate.swift in Sources */,
			);
			runOnlyForDeploymentPostprocessing = 0;
		};
		90E2323C22806CE000C69BE9 /* Sources */ = {
			isa = PBXSourcesBuildPhase;
			buildActionMask = 2147483647;
			files = (
				90E2324522806CE000C69BE9 /* MyGame_3Tests.swift in Sources */,
			);
			runOnlyForDeploymentPostprocessing = 0;
		};
		90E2324722806CE000C69BE9 /* Sources */ = {
			isa = PBXSourcesBuildPhase;
			buildActionMask = 2147483647;
			files = (
				90E2325022806CE000C69BE9 /* MyGame_3UITests.swift in Sources */,
			);
			runOnlyForDeploymentPostprocessing = 0;
		};
/* End PBXSourcesBuildPhase section */

/* Begin PBXTargetDependency section */
		90E2324222806CE000C69BE9 /* PBXTargetDependency */ = {
			isa = PBXTargetDependency;
			target = 90E2322B22806CDF00C69BE9 /* MyGame_3 */;
			targetProxy = 90E2324122806CE000C69BE9 /* PBXContainerItemProxy */;
		};
		90E2324D22806CE000C69BE9 /* PBXTargetDependency */ = {
			isa = PBXTargetDependency;
			target = 90E2322B22806CDF00C69BE9 /* MyGame_3 */;
			targetProxy = 90E2324C22806CE000C69BE9 /* PBXContainerItemProxy */;
		};
/* End PBXTargetDependency section */

/* Begin PBXVariantGroup section */
		90E2323322806CDF00C69BE9 /* Main.storyboard */ = {
			isa = PBXVariantGroup;
			children = (
				90E2323422806CDF00C69BE9 /* Base */,
			);
			name = Main.storyboard;
			sourceTree = "<group>";
		};
		90E2323822806CE000C69BE9 /* LaunchScreen.storyboard */ = {
			isa = PBXVariantGroup;
			children = (
				90E2323922806CE000C69BE9 /* Base */,
			);
			name = LaunchScreen.storyboard;
			sourceTree = "<group>";
		};
/* End PBXVariantGroup section */

/* Begin XCBuildConfiguration section */
		90E2325222806CE000C69BE9 /* Debug */ = {
			isa = XCBuildConfiguration;
			buildSettings = {
				ALWAYS_SEARCH_USER_PATHS = NO;
				CLANG_ANALYZER_NONNULL = YES;
				CLANG_ANALYZER_NUMBER_OBJECT_CONVERSION = YES_AGGRESSIVE;
				CLANG_CXX_LANGUAGE_STANDARD = "gnu++14";
				CLANG_CXX_LIBRARY = "libc++";
				CLANG_ENABLE_MODULES = YES;
				CLANG_ENABLE_OBJC_ARC = YES;
				CLANG_ENABLE_OBJC_WEAK = YES;
				CLANG_WARN_BLOCK_CAPTURE_AUTORELEASING = YES;
				CLANG_WARN_BOOL_CONVERSION = YES;
				CLANG_WARN_COMMA = YES;
				CLANG_WARN_CONSTANT_CONVERSION = YES;
				CLANG_WARN_DEPRECATED_OBJC_IMPLEMENTATIONS = YES;
				CLANG_WARN_DIRECT_OBJC_ISA_USAGE = YES_ERROR;
				CLANG_WARN_DOCUMENTATION_COMMENTS = YES;
				CLANG_WARN_EMPTY_BODY = YES;
				CLANG_WARN_ENUM_CONVERSION = YES;
				CLANG_WARN_INFINITE_RECURSION = YES;
				CLANG_WARN_INT_CONVERSION = YES;
				CLANG_WARN_NON_LITERAL_NULL_CONVERSION = YES;
				CLANG_WARN_OBJC_IMPLICIT_RETAIN_SELF = YES;
				CLANG_WARN_OBJC_LITERAL_CONVERSION = YES;
				CLANG_WARN_OBJC_ROOT_CLASS = YES_ERROR;
				CLANG_WARN_RANGE_LOOP_ANALYSIS = YES;
				CLANG_WARN_STRICT_PROTOTYPES = YES;
				CLANG_WARN_SUSPICIOUS_MOVE = YES;
				CLANG_WARN_UNGUARDED_AVAILABILITY = YES_AGGRESSIVE;
				CLANG_WARN_UNREACHABLE_CODE = YES;
				CLANG_WARN__DUPLICATE_METHOD_MATCH = YES;
				CODE_SIGN_IDENTITY = "iPhone Developer";
				COPY_PHASE_STRIP = NO;
				DEBUG_INFORMATION_FORMAT = dwarf;
				ENABLE_STRICT_OBJC_MSGSEND = YES;
				ENABLE_TESTABILITY = YES;
				GCC_C_LANGUAGE_STANDARD = gnu11;
				GCC_DYNAMIC_NO_PIC = NO;
				GCC_NO_COMMON_BLOCKS = YES;
				GCC_OPTIMIZATION_LEVEL = 0;
				GCC_PREPROCESSOR_DEFINITIONS = (
					"DEBUG=1",
					"$(inherited)",
				);
				GCC_WARN_64_TO_32_BIT_CONVERSION = YES;
				GCC_WARN_ABOUT_RETURN_TYPE = YES_ERROR;
				GCC_WARN_UNDECLARED_SELECTOR = YES;
				GCC_WARN_UNINITIALIZED_AUTOS = YES_AGGRESSIVE;
				GCC_WARN_UNUSED_FUNCTION = YES;
				GCC_WARN_UNUSED_VARIABLE = YES;
				IPHONEOS_DEPLOYMENT_TARGET = 12.2;
				MTL_ENABLE_DEBUG_INFO = INCLUDE_SOURCE;
				MTL_FAST_MATH = YES;
				ONLY_ACTIVE_ARCH = YES;
				SDKROOT = iphoneos;
				SWIFT_ACTIVE_COMPILATION_CONDITIONS = DEBUG;
				SWIFT_OPTIMIZATION_LEVEL = "-Onone";
			};
			name = Debug;
		};
		90E2325322806CE000C69BE9 /* Release */ = {
			isa = XCBuildConfiguration;
			buildSettings = {
				ALWAYS_SEARCH_USER_PATHS = NO;
				CLANG_ANALYZER_NONNULL = YES;
				CLANG_ANALYZER_NUMBER_OBJECT_CONVERSION = YES_AGGRESSIVE;
				CLANG_CXX_LANGUAGE_STANDARD = "gnu++14";
				CLANG_CXX_LIBRARY = "libc++";
				CLANG_ENABLE_MODULES = YES;
				CLANG_ENABLE_OBJC_ARC = YES;
				CLANG_ENABLE_OBJC_WEAK = YES;
				CLANG_WARN_BLOCK_CAPTURE_AUTORELEASING = YES;
				CLANG_WARN_BOOL_CONVERSION = YES;
				CLANG_WARN_COMMA = YES;
				CLANG_WARN_CONSTANT_CONVERSION = YES;
				CLANG_WARN_DEPRECATED_OBJC_IMPLEMENTATIONS = YES;
				CLANG_WARN_DIRECT_OBJC_ISA_USAGE = YES_ERROR;
				CLANG_WARN_DOCUMENTATION_COMMENTS = YES;
				CLANG_WARN_EMPTY_BODY = YES;
				CLANG_WARN_ENUM_CONVERSION = YES;
				CLANG_WARN_INFINITE_RECURSION = YES;
				CLANG_WARN_INT_CONVERSION = YES;
				CLANG_WARN_NON_LITERAL_NULL_CONVERSION = YES;
				CLANG_WARN_OBJC_IMPLICIT_RETAIN_SELF = YES;
				CLANG_WARN_OBJC_LITERAL_CONVERSION = YES;
				CLANG_WARN_OBJC_ROOT_CLASS = YES_ERROR;
				CLANG_WARN_RANGE_LOOP_ANALYSIS = YES;
				CLANG_WARN_STRICT_PROTOTYPES = YES;
				CLANG_WARN_SUSPICIOUS_MOVE = YES;
				CLANG_WARN_UNGUARDED_AVAILABILITY = YES_AGGRESSIVE;
				CLANG_WARN_UNREACHABLE_CODE = YES;
				CLANG_WARN__DUPLICATE_METHOD_MATCH = YES;
				CODE_SIGN_IDENTITY = "iPhone Developer";
				COPY_PHASE_STRIP = NO;
				DEBUG_INFORMATION_FORMAT = "dwarf-with-dsym";
				ENABLE_NS_ASSERTIONS = NO;
				ENABLE_STRICT_OBJC_MSGSEND = YES;
				GCC_C_LANGUAGE_STANDARD = gnu11;
				GCC_NO_COMMON_BLOCKS = YES;
				GCC_WARN_64_TO_32_BIT_CONVERSION = YES;
				GCC_WARN_ABOUT_RETURN_TYPE = YES_ERROR;
				GCC_WARN_UNDECLARED_SELECTOR = YES;
				GCC_WARN_UNINITIALIZED_AUTOS = YES_AGGRESSIVE;
				GCC_WARN_UNUSED_FUNCTION = YES;
				GCC_WARN_UNUSED_VARIABLE = YES;
				IPHONEOS_DEPLOYMENT_TARGET = 12.2;
				MTL_ENABLE_DEBUG_INFO = NO;
				MTL_FAST_MATH = YES;
				SDKROOT = iphoneos;
				SWIFT_COMPILATION_MODE = wholemodule;
				SWIFT_OPTIMIZATION_LEVEL = "-O";
				VALIDATE_PRODUCT = YES;
			};
			name = Release;
		};
		90E2325522806CE000C69BE9 /* Debug */ = {
			isa = XCBuildConfiguration;
			buildSettings = {
				ASSETCATALOG_COMPILER_APPICON_NAME = AppIcon;
				CODE_SIGN_STYLE = Automatic;
				DEVELOPMENT_TEAM = LNJ9GLAKNT;
				INFOPLIST_FILE = MyGame_3/Info.plist;
				LD_RUNPATH_SEARCH_PATHS = (
					"$(inherited)",
					"@executable_path/Frameworks",
				);
				PRODUCT_BUNDLE_IDENTIFIER = "JW.MyGame-3";
				PRODUCT_NAME = "$(TARGET_NAME)";
				SWIFT_VERSION = 5.0;
				TARGETED_DEVICE_FAMILY = "1,2";
			};
			name = Debug;
		};
		90E2325622806CE000C69BE9 /* Release */ = {
			isa = XCBuildConfiguration;
			buildSettings = {
				ASSETCATALOG_COMPILER_APPICON_NAME = AppIcon;
				CODE_SIGN_STYLE = Automatic;
				DEVELOPMENT_TEAM = LNJ9GLAKNT;
				INFOPLIST_FILE = MyGame_3/Info.plist;
				LD_RUNPATH_SEARCH_PATHS = (
					"$(inherited)",
					"@executable_path/Frameworks",
				);
				PRODUCT_BUNDLE_IDENTIFIER = "JW.MyGame-3";
				PRODUCT_NAME = "$(TARGET_NAME)";
				SWIFT_VERSION = 5.0;
				TARGETED_DEVICE_FAMILY = "1,2";
			};
			name = Release;
		};
		90E2325822806CE000C69BE9 /* Debug */ = {
			isa = XCBuildConfiguration;
			buildSettings = {
				ALWAYS_EMBED_SWIFT_STANDARD_LIBRARIES = YES;
				BUNDLE_LOADER = "$(TEST_HOST)";
				CODE_SIGN_STYLE = Automatic;
				DEVELOPMENT_TEAM = LNJ9GLAKNT;
				INFOPLIST_FILE = MyGame_3Tests/Info.plist;
				LD_RUNPATH_SEARCH_PATHS = (
					"$(inherited)",
					"@executable_path/Frameworks",
					"@loader_path/Frameworks",
				);
				PRODUCT_BUNDLE_IDENTIFIER = "JW.MyGame-3Tests";
				PRODUCT_NAME = "$(TARGET_NAME)";
				SWIFT_VERSION = 5.0;
				TARGETED_DEVICE_FAMILY = "1,2";
				TEST_HOST = "$(BUILT_PRODUCTS_DIR)/MyGame_3.app/MyGame_3";
			};
			name = Debug;
		};
		90E2325922806CE000C69BE9 /* Release */ = {
			isa = XCBuildConfiguration;
			buildSettings = {
				ALWAYS_EMBED_SWIFT_STANDARD_LIBRARIES = YES;
				BUNDLE_LOADER = "$(TEST_HOST)";
				CODE_SIGN_STYLE = Automatic;
				DEVELOPMENT_TEAM = LNJ9GLAKNT;
				INFOPLIST_FILE = MyGame_3Tests/Info.plist;
				LD_RUNPATH_SEARCH_PATHS = (
					"$(inherited)",
					"@executable_path/Frameworks",
					"@loader_path/Frameworks",
				);
				PRODUCT_BUNDLE_IDENTIFIER = "JW.MyGame-3Tests";
				PRODUCT_NAME = "$(TARGET_NAME)";
				SWIFT_VERSION = 5.0;
				TARGETED_DEVICE_FAMILY = "1,2";
				TEST_HOST = "$(BUILT_PRODUCTS_DIR)/MyGame_3.app/MyGame_3";
			};
			name = Release;
		};
		90E2325B22806CE000C69BE9 /* Debug */ = {
			isa = XCBuildConfiguration;
			buildSettings = {
				ALWAYS_EMBED_SWIFT_STANDARD_LIBRARIES = YES;
				CODE_SIGN_STYLE = Automatic;
				DEVELOPMENT_TEAM = LNJ9GLAKNT;
				INFOPLIST_FILE = MyGame_3UITests/Info.plist;
				LD_RUNPATH_SEARCH_PATHS = (
					"$(inherited)",
					"@executable_path/Frameworks",
					"@loader_path/Frameworks",
				);
				PRODUCT_BUNDLE_IDENTIFIER = "JW.MyGame-3UITests";
				PRODUCT_NAME = "$(TARGET_NAME)";
				SWIFT_VERSION = 5.0;
				TARGETED_DEVICE_FAMILY = "1,2";
				TEST_TARGET_NAME = MyGame_3;
			};
			name = Debug;
		};
		90E2325C22806CE000C69BE9 /* Release */ = {
			isa = XCBuildConfiguration;
			buildSettings = {
				ALWAYS_EMBED_SWIFT_STANDARD_LIBRARIES = YES;
				CODE_SIGN_STYLE = Automatic;
				DEVELOPMENT_TEAM = LNJ9GLAKNT;
				INFOPLIST_FILE = MyGame_3UITests/Info.plist;
				LD_RUNPATH_SEARCH_PATHS = (
					"$(inherited)",
					"@executable_path/Frameworks",
					"@loader_path/Frameworks",
				);
				PRODUCT_BUNDLE_IDENTIFIER = "JW.MyGame-3UITests";
				PRODUCT_NAME = "$(TARGET_NAME)";
				SWIFT_VERSION = 5.0;
				TARGETED_DEVICE_FAMILY = "1,2";
				TEST_TARGET_NAME = MyGame_3;
			};
			name = Release;
		};
/* End XCBuildConfiguration section */

/* Begin XCConfigurationList section */
		90E2322722806CDF00C69BE9 /* Build configuration list for PBXProject "MyGame_3" */ = {
			isa = XCConfigurationList;
			buildConfigurations = (
				90E2325222806CE000C69BE9 /* Debug */,
				90E2325322806CE000C69BE9 /* Release */,
			);
			defaultConfigurationIsVisible = 0;
			defaultConfigurationName = Release;
		};
		90E2325422806CE000C69BE9 /* Build configuration list for PBXNativeTarget "MyGame_3" */ = {
			isa = XCConfigurationList;
			buildConfigurations = (
				90E2325522806CE000C69BE9 /* Debug */,
				90E2325622806CE000C69BE9 /* Release */,
			);
			defaultConfigurationIsVisible = 0;
			defaultConfigurationName = Release;
		};
		90E2325722806CE000C69BE9 /* Build configuration list for PBXNativeTarget "MyGame_3Tests" */ = {
			isa = XCConfigurationList;
			buildConfigurations = (
				90E2325822806CE000C69BE9 /* Debug */,
				90E2325922806CE000C69BE9 /* Release */,
			);
			defaultConfigurationIsVisible = 0;
			defaultConfigurationName = Release;
		};
		90E2325A22806CE000C69BE9 /* Build configuration list for PBXNativeTarget "MyGame_3UITests" */ = {
			isa = XCConfigurationList;
			buildConfigurations = (
				90E2325B22806CE000C69BE9 /* Debug */,
				90E2325C22806CE000C69BE9 /* Release */,
			);
			defaultConfigurationIsVisible = 0;
			defaultConfigurationName = Release;
		};
/* End XCConfigurationList section */
	};
	rootObject = 90E2322422806CDF00C69BE9 /* Project object */;
}
